
Microsoft Visual Studio Solution File, Format Version 12.00
# Visual Studio Version 17
VisualStudioVersion = 17.9.34728.123
MinimumVisualStudioVersion = 10.0.40219.1
Project("{FAE04EC0-301F-11D3-BF4B-00C04F79EFBC}") = "30.05", "30.05.csproj", "{A05D9179-D469-4066-B3A6-77052619696B}"
EndProject
Global
	GlobalSection(SolutionConfigurationPlatforms) = preSolution
		Debug|Any CPU = Debug|Any CPU
		Release|Any CPU = Release|Any CPU
	EndGlobalSection
	GlobalSection(ProjectConfigurationPlatforms) = postSolution
		{A05D9179-D469-4066-B3A6-77052619696B}.Debug|Any CPU.ActiveCfg = Debug|Any CPU
		{A05D9179-D469-4066-B3A6-77052619696B}.Debug|Any CPU.Build.0 = Debug|Any CPU
		{A05D9179-D469-4066-B3A6-77052619696B}.Release|Any CPU.ActiveCfg = Release|Any CPU
		{A05D9179-D469-4066-B3A6-77052619696B}.Release|Any CPU.Build.0 = Release|Any CPU
	EndGlobalSection
	GlobalSection(SolutionProperties) = preSolution
		HideSolutionNode = FALSE
	EndGlobalSection
	GlobalSection(ExtensibilityGlobals) = postSolution
		SolutionGuid = {9BD62244-1228-4C11-81CC-E605F3B6F006}
	EndGlobalSection
EndGlobal
